{
  "name": "status",
  "version": "0.1.0",
  "lockfileVersion": 2,
  "requires": true,
  "packages": {
    "": {
      "name": "status",
      "version": "0.1.0",
      "dependencies": {
        "dugite": "../.."
      },
      "devDependencies": {}
    },
    "../..": {
      "version": "2.0.0",
      "hasInstallScript": true,
      "license": "MIT",
      "dependencies": {
        "progress": "^2.0.3",
        "tar": "^6.1.11"
      },
      "devDependencies": {
        "@types/jest": "^28.1.7",
        "@types/mkdirp": "^0.5.2",
        "@types/node": "^11.9.0",
        "@types/progress": "^2.0.1",
        "@types/rimraf": "2.0.2",
        "@types/tar": "^6.1.2",
        "byline": "^5.0.0",
        "cross-env": "^5.2.0",
        "find-git-exec": "0.0.1-alpha.2",
        "jest": "^28.1.3",
        "prettier": "^2.7.1",
        "rimraf": "^2.5.4",
        "temp": "^0.9.0",
        "ts-jest": "^28.0.8",
        "typescript": "^4.7.4"
      },
      "engines": {
        "node": ">= 14"
      }
    },
    "node_modules/dugite": {
      "resolved": "../..",
      "link": true
    }
  },
  "dependencies": {
    "dugite": {
      "version": "file:../..",
      "requires": {
        "@types/jest": "^28.1.7",
        "@types/mkdirp": "^0.5.2",
        "@types/node": "^11.9.0",
        "@types/progress": "^2.0.1",
        "@types/rimraf": "2.0.2",
        "@types/tar": "^6.1.2",
        "byline": "^5.0.0",
        "cross-env": "^5.2.0",
        "find-git-exec": "0.0.1-alpha.2",
        "jest": "^28.1.3",
        "prettier": "^2.7.1",
        "progress": "^2.0.3",
        "rimraf": "^2.5.4",
        "tar": "^6.1.11",
        "temp": "^0.9.0",
        "ts-jest": "^28.0.8",
        "typescript": "^4.7.4"
      }
    }
  }
}
